<?xml version="1.0" encoding="utf-8"?>
<Project ToolsVersion="4.0" xmlns="http://schemas.microsoft.com/developer/msbuild/2003">
  <ItemGroup>
    <Filter Include="Source Files">
      <UniqueIdentifier>{4FC737F1-C7A5-4376-A066-2A32D752A2FF}</UniqueIdentifier>
      <Extensions>cpp;c;cc;cxx;def;odl;idl;hpj;bat;asm;asmx</Extensions>
    </Filter>
    <Filter Include="Header Files">
      <UniqueIdentifier>{93995380-89BD-4b04-88EB-625FBE52EBFB}</UniqueIdentifier>
      <Extensions>h;hpp;hxx;hm;inl;inc;xsd</Extensions>
    </Filter>
    <Filter Include="Resource Files">
      <UniqueIdentifier>{67DA6AB6-F800-4c08-8B7A-83BB121AAD01}</UniqueIdentifier>
      <Extensions>rc;ico;cur;bmp;dlg;rc2;rct;bin;rgs;gif;jpg;jpeg;jpe;resx;tiff;tif;png;wav;mfcribbon-ms</Extensions>
    </Filter>
  </ItemGroup>
  <ItemGroup>
    <ClCompile Include="Clock.cpp">
      <Filter>Source Files</Filter>
    </ClCompile>
    <ClCompile Include="Logger.cpp">
      <Filter>Source Files</Filter>
    </ClCompile>
    <ClCompile Include="GameEngine.cpp">
      <Filter>Source Files</Filter>
    </ClCompile>
    <ClCompile Include="OpenGLRenderer.cpp">
      <Filter>Source Files</Filter>
    </ClCompile>
    <ClCompile Include="LoadShaders.cpp">
      <Filter>Source Files</Filter>
    </ClCompile>
    <ClCompile Include="SimpleModel.cpp">
      <Filter>Source Files</Filter>
    </ClCompile>
    <ClCompile Include="SceneNode.cpp">
      <Filter>Source Files</Filter>
    </ClCompile>
    <ClCompile Include="SceneGraph.cpp">
      <Filter>Source Files</Filter>
    </ClCompile>
    <ClCompile Include="Camera.cpp">
      <Filter>Source Files</Filter>
    </ClCompile>
    <ClCompile Include="SceneManager.cpp">
      <Filter>Source Files</Filter>
    </ClCompile>
    <ClCompile Include="CollisionChecker.cpp">
      <Filter>Source Files</Filter>
    </ClCompile>
    <ClCompile Include="TextureManager.cpp">
      <Filter>Source Files</Filter>
    </ClCompile>
    <ClCompile Include="ModelManager.cpp">
      <Filter>Source Files</Filter>
    </ClCompile>
  </ItemGroup>
  <ItemGroup>
    <ClInclude Include="Clock.h">
      <Filter>Header Files</Filter>
    </ClInclude>
    <ClInclude Include="Logger.h">
      <Filter>Header Files</Filter>
    </ClInclude>
    <ClInclude Include="GameEngine.h">
      <Filter>Header Files</Filter>
    </ClInclude>
    <ClInclude Include="AbstractRenderer.h">
      <Filter>Header Files</Filter>
    </ClInclude>
    <ClInclude Include="OpenGLRenderer.h">
      <Filter>Header Files</Filter>
    </ClInclude>
    <ClInclude Include="amMatrix3x3.h">
      <Filter>Header Files</Filter>
    </ClInclude>
    <ClInclude Include="amMatrix4x4.h">
      <Filter>Header Files</Filter>
    </ClInclude>
    <ClInclude Include="amMatrixMath.h">
      <Filter>Header Files</Filter>
    </ClInclude>
    <ClInclude Include="amVec3.h">
      <Filter>Header Files</Filter>
    </ClInclude>
    <ClInclude Include="amVectorMath.h">
      <Filter>Header Files</Filter>
    </ClInclude>
    <ClInclude Include="amQuaternion.h">
      <Filter>Header Files</Filter>
    </ClInclude>
    <ClInclude Include="SimpleModel.h">
      <Filter>Header Files</Filter>
    </ClInclude>
    <ClInclude Include="SceneNode.h">
      <Filter>Header Files</Filter>
    </ClInclude>
    <ClInclude Include="SceneGraph.h">
      <Filter>Header Files</Filter>
    </ClInclude>
    <ClInclude Include="Camera.h">
      <Filter>Header Files</Filter>
    </ClInclude>
    <ClInclude Include="Entity.h">
      <Filter>Header Files</Filter>
    </ClInclude>
    <ClInclude Include="SceneManager.h">
      <Filter>Header Files</Filter>
    </ClInclude>
    <ClInclude Include="BoundingSphere.h">
      <Filter>Header Files</Filter>
    </ClInclude>
    <ClInclude Include="Ray.h">
      <Filter>Header Files</Filter>
    </ClInclude>
    <ClInclude Include="AABoundingBox.h">
      <Filter>Header Files</Filter>
    </ClInclude>
    <ClInclude Include="Plane.h">
      <Filter>Header Files</Filter>
    </ClInclude>
    <ClInclude Include="CollisionChecker.h">
      <Filter>Header Files</Filter>
    </ClInclude>
    <ClInclude Include="ResourceManager.h">
      <Filter>Header Files</Filter>
    </ClInclude>
    <ClInclude Include="TextureManager.h">
      <Filter>Header Files</Filter>
    </ClInclude>
    <ClInclude Include="ModelManager.h">
      <Filter>Header Files</Filter>
    </ClInclude>
    <ClInclude Include="Mesh.h">
      <Filter>Header Files</Filter>
    </ClInclude>
  </ItemGroup>
  <ItemGroup>
    <None Include="MinimalVertexShader.vert">
      <Filter>Resource Files</Filter>
    </None>
    <None Include="MinimalFragmentShader.frag">
      <Filter>Resource Files</Filter>
    </None>
    <None Include="SimpleModel.vert">
      <Filter>Resource Files</Filter>
    </None>
    <None Include="SimpleModel.frag">
      <Filter>Resource Files</Filter>
    </None>
  </ItemGroup>
</Project>